
Microsoft Visual Studio Solution File, Format Version 12.00
# Visual Studio 2013
VisualStudioVersion = 12.0.31101.0
MinimumVisualStudioVersion = 10.0.40219.1
Project("{FAE04EC0-301F-11D3-BF4B-00C04F79EFBC}") = "SurveyService.Common", "SurveyService.Common\SurveyService.Common.csproj", "{CA13AF95-E229-4383-914C-5117854EC234}"
EndProject
Project("{FAE04EC0-301F-11D3-BF4B-00C04F79EFBC}") = "SurveyService.Model", "SurveyService.Model\SurveyService.Model.csproj", "{669092CC-03CC-46CB-9889-8EAD8DD861CB}"
EndProject
Project("{FAE04EC0-301F-11D3-BF4B-00C04F79EFBC}") = "SurveyService.Persistance", "SurveyService.Persistance\SurveyService.Persistance.csproj", "{984DE5EE-4A10-42B2-A07E-CF3173CFA5F8}"
EndProject
Project("{FAE04EC0-301F-11D3-BF4B-00C04F79EFBC}") = "SurveyService.Biusiness", "SurveyService.Biusiness\SurveyService.Biusiness.csproj", "{F97A3D9E-46E0-4ED6-B0F9-FE11EE8009DC}"
EndProject
Project("{FAE04EC0-301F-11D3-BF4B-00C04F79EFBC}") = "SurveyService.Web", "SurveyService.Web\SurveyService.Web.csproj", "{1B90FA5F-224C-44F8-9CD1-0AB8C96A19F4}"
EndProject
Global
	GlobalSection(SolutionConfigurationPlatforms) = preSolution
		Debug|Any CPU = Debug|Any CPU
		Release|Any CPU = Release|Any CPU
	EndGlobalSection
	GlobalSection(ProjectConfigurationPlatforms) = postSolution
		{CA13AF95-E229-4383-914C-5117854EC234}.Debug|Any CPU.ActiveCfg = Debug|Any CPU
		{CA13AF95-E229-4383-914C-5117854EC234}.Debug|Any CPU.Build.0 = Debug|Any CPU
		{CA13AF95-E229-4383-914C-5117854EC234}.Release|Any CPU.ActiveCfg = Release|Any CPU
		{CA13AF95-E229-4383-914C-5117854EC234}.Release|Any CPU.Build.0 = Release|Any CPU
		{669092CC-03CC-46CB-9889-8EAD8DD861CB}.Debug|Any CPU.ActiveCfg = Debug|Any CPU
		{669092CC-03CC-46CB-9889-8EAD8DD861CB}.Debug|Any CPU.Build.0 = Debug|Any CPU
		{669092CC-03CC-46CB-9889-8EAD8DD861CB}.Release|Any CPU.ActiveCfg = Release|Any CPU
		{669092CC-03CC-46CB-9889-8EAD8DD861CB}.Release|Any CPU.Build.0 = Release|Any CPU
		{984DE5EE-4A10-42B2-A07E-CF3173CFA5F8}.Debug|Any CPU.ActiveCfg = Debug|Any CPU
		{984DE5EE-4A10-42B2-A07E-CF3173CFA5F8}.Debug|Any CPU.Build.0 = Debug|Any CPU
		{984DE5EE-4A10-42B2-A07E-CF3173CFA5F8}.Release|Any CPU.ActiveCfg = Release|Any CPU
		{984DE5EE-4A10-42B2-A07E-CF3173CFA5F8}.Release|Any CPU.Build.0 = Release|Any CPU
		{F97A3D9E-46E0-4ED6-B0F9-FE11EE8009DC}.Debug|Any CPU.ActiveCfg = Debug|Any CPU
		{F97A3D9E-46E0-4ED6-B0F9-FE11EE8009DC}.Debug|Any CPU.Build.0 = Debug|Any CPU
		{F97A3D9E-46E0-4ED6-B0F9-FE11EE8009DC}.Release|Any CPU.ActiveCfg = Release|Any CPU
		{F97A3D9E-46E0-4ED6-B0F9-FE11EE8009DC}.Release|Any CPU.Build.0 = Release|Any CPU
		{1B90FA5F-224C-44F8-9CD1-0AB8C96A19F4}.Debug|Any CPU.ActiveCfg = Debug|Any CPU
		{1B90FA5F-224C-44F8-9CD1-0AB8C96A19F4}.Debug|Any CPU.Build.0 = Debug|Any CPU
		{1B90FA5F-224C-44F8-9CD1-0AB8C96A19F4}.Release|Any CPU.ActiveCfg = Release|Any CPU
		{1B90FA5F-224C-44F8-9CD1-0AB8C96A19F4}.Release|Any CPU.Build.0 = Release|Any CPU
	EndGlobalSection
	GlobalSection(SolutionProperties) = preSolution
		HideSolutionNode = FALSE
	EndGlobalSection
EndGlobal
